// !$*UTF8*$!
{
	archiveVersion = 1;
	classes = {
	};
	objectVersion = 56;
	objects = {

/* Begin PBXBuildFile section */
		A1B2C3D4E5F6000000000011 /* KanbanApp.swift in Sources */ = {isa = PBXBuildFile; fileRef = A1B2C3D4E5F6000000000010 /* KanbanApp.swift */; };
		A1B2C3D4E5F6000000000014 /* TaskItem.swift in Sources */ = {isa = PBXBuildFile; fileRef = A1B2C3D4E5F6000000000013 /* TaskItem.swift */; };
		A1B2C3D4E5F6000000000016 /* ContentView.swift in Sources */ = {isa = PBXBuildFile; fileRef = A1B2C3D4E5F6000000000015 /* ContentView.swift */; };
		A1B2C3D4E5F6000000000018 /* KanbanBoardView.swift in Sources */ = {isa = PBXBuildFile; fileRef = A1B2C3D4E5F6000000000017 /* KanbanBoardView.swift */; };
		A1B2C3D4E5F600000000001A /* KanbanColumnView.swift in Sources */ = {isa = PBXBuildFile; fileRef = A1B2C3D4E5F6000000000019 /* KanbanColumnView.swift */; };
		A1B2C3D4E5F600000000001C /* TaskCardView.swift in Sources */ = {isa = PBXBuildFile; fileRef = A1B2C3D4E5F600000000001B /* TaskCardView.swift */; };
		A1B2C3D4E5F600000000001E /* AddTaskView.swift in Sources */ = {isa = PBXBuildFile; fileRef = A1B2C3D4E5F600000000001D /* AddTaskView.swift */; };
		A1B2C3D4E5F6000000000020 /* TaskDetailView.swift in Sources */ = {isa = PBXBuildFile; fileRef = A1B2C3D4E5F600000000001F /* TaskDetailView.swift */; };
		A1B2C3D4E5F6000000000031 /* Assets.xcassets in Resources */ = {isa = PBXBuildFile; fileRef = A1B2C3D4E5F6000000000030 /* Assets.xcassets */; };
		A1B2C3D4E5F6000000000032 /* DashboardView.swift in Sources */ = {isa = PBXBuildFile; fileRef = A1B2C3D4E5F6000000000033 /* DashboardView.swift */; };
		A1B2C3D4E5F6000000000035 /* AppStyle.swift in Sources */ = {isa = PBXBuildFile; fileRef = A1B2C3D4E5F6000000000034 /* AppStyle.swift */; };
		A1B2C3D4E5F6000000000036 /* StatusView.swift in Sources */ = {isa = PBXBuildFile; fileRef = A1B2C3D4E5F6000000000037 /* StatusView.swift */; };
		A1B2C3D4E5F6000000000038 /* ProgresView.swift in Sources */ = {isa = PBXBuildFile; fileRef = A1B2C3D4E5F6000000000039 /* ProgresView.swift */; };
		A7C100000000000000000001 /* OnboardingView.swift in Sources */ = {isa = PBXBuildFile; fileRef = A7C100000000000000000002 /* OnboardingView.swift */; };
		A7C100000000000000000003 /* OnboardingWelcomePageView.swift in Sources */ = {isa = PBXBuildFile; fileRef = A7C100000000000000000004 /* OnboardingWelcomePageView.swift */; };
		A7C100000000000000000005 /* OnboardingFocusPageView.swift in Sources */ = {isa = PBXBuildFile; fileRef = A7C100000000000000000006 /* OnboardingFocusPageView.swift */; };
		A7C100000000000000000007 /* OnboardingManifestoPageView.swift in Sources */ = {isa = PBXBuildFile; fileRef = A7C100000000000000000008 /* OnboardingManifestoPageView.swift */; };
		A7C100000000000000000009 /* AppIconBadgeSyncView.swift in Sources */ = {isa = PBXBuildFile; fileRef = A7C10000000000000000000A /* AppIconBadgeSyncView.swift */; };
		A7C10000000000000000000B /* SearchTasksView.swift in Sources */ = {isa = PBXBuildFile; fileRef = A7C10000000000000000000C /* SearchTasksView.swift */; };
		A7C10000000000000000000D /* QuickCaptureTaskGenerator.swift in Sources */ = {isa = PBXBuildFile; fileRef = A7C10000000000000000000E /* QuickCaptureTaskGenerator.swift */; };
		A7C100000000000000000010 /* NextActionSuggestionService.swift in Sources */ = {isa = PBXBuildFile; fileRef = A7C100000000000000000011 /* NextActionSuggestionService.swift */; };
		A7C100000000000000000012 /* ImageTextExtractionService.swift in Sources */ = {isa = PBXBuildFile; fileRef = A7C100000000000000000013 /* ImageTextExtractionService.swift */; };
		A7C100000000000000000014 /* QuickCapturePhotoImportButton.swift in Sources */ = {isa = PBXBuildFile; fileRef = A7C100000000000000000015 /* QuickCapturePhotoImportButton.swift */; };
		A7C100000000000000000016 /* VoiceCaptureService.swift in Sources */ = {isa = PBXBuildFile; fileRef = A7C100000000000000000017 /* VoiceCaptureService.swift */; };
		A7C100000000000000000018 /* QuickCaptureDraftSheet.swift in Sources */ = {isa = PBXBuildFile; fileRef = A7C100000000000000000019 /* QuickCaptureDraftSheet.swift */; };
		A7C10000000000000000001A /* QuickCaptureSource.swift in Sources */ = {isa = PBXBuildFile; fileRef = A7C10000000000000000001B /* QuickCaptureSource.swift */; };
		A7C10000000000000000001C /* CameraPermissionService.swift in Sources */ = {isa = PBXBuildFile; fileRef = A7C10000000000000000001D /* CameraPermissionService.swift */; };
		A7C10000000000000000001E /* AddTaskActionBar.swift in Sources */ = {isa = PBXBuildFile; fileRef = A7C10000000000000000001F /* AddTaskActionBar.swift */; };
		A7C100000000000000000020 /* QuickCaptureCoordinator.swift in Sources */ = {isa = PBXBuildFile; fileRef = A7C100000000000000000021 /* QuickCaptureCoordinator.swift */; };
		A7C100000000000000000022 /* TaskAgingEvaluator.swift in Sources */ = {isa = PBXBuildFile; fileRef = A7C100000000000000000023 /* TaskAgingEvaluator.swift */; };
		A7C100000000000000000024 /* TaskAgingNotificationService.swift in Sources */ = {isa = PBXBuildFile; fileRef = A7C100000000000000000025 /* TaskAgingNotificationService.swift */; };
		A7C100000000000000000026 /* TaskAgingNotificationSyncView.swift in Sources */ = {isa = PBXBuildFile; fileRef = A7C100000000000000000027 /* TaskAgingNotificationSyncView.swift */; };
		A7C100000000000000000028 /* Localizable.xcstrings in Resources */ = {isa = PBXBuildFile; fileRef = A7C100000000000000000029 /* Localizable.xcstrings */; };
		A7C10000000000000000002A /* InfoPlist.xcstrings in Resources */ = {isa = PBXBuildFile; fileRef = A7C10000000000000000002B /* InfoPlist.xcstrings */; };
		A9D100000000000000000002 /* TaskChatService.swift in Sources */ = {isa = PBXBuildFile; fileRef = A9D100000000000000000001 /* TaskChatService.swift */; };
		A9D100000000000000000004 /* TaskChatView.swift in Sources */ = {isa = PBXBuildFile; fileRef = A9D100000000000000000003 /* TaskChatView.swift */; };
		A9D100000000000000000006 /* TaskChatStarterPrompt.swift in Sources */ = {isa = PBXBuildFile; fileRef = A9D100000000000000000005 /* TaskChatStarterPrompt.swift */; };
		B8A7D0D8D7304BF4B02921A1 /* PersistenceBootstrap.swift in Sources */ = {isa = PBXBuildFile; fileRef = B8A7D0D7D7304BF4B02921A1 /* PersistenceBootstrap.swift */; };
		BADDCAFE0000000000000001 /* TaskChatPromptTests.swift in Sources */ = {isa = PBXBuildFile; fileRef = BADDCAFE0000000000000002 /* TaskChatPromptTests.swift */; };
		BADDCAFE0000000000000011 /* TaskChatServiceTests.swift in Sources */ = {isa = PBXBuildFile; fileRef = BADDCAFE0000000000000012 /* TaskChatServiceTests.swift */; };
		C46D8078D30040238CCDE162FB2FE17E /* MainTabView.swift in Sources */ = {isa = PBXBuildFile; fileRef = FAE822CFBF944080AA7DC05248E4FCB2 /* MainTabView.swift */; };
		CC88F17F1EB745D7B67C1DED74B18C18 /* AllTasksView.swift in Sources */ = {isa = PBXBuildFile; fileRef = 2BC21578A5014A16A3256BF3F502DDAC /* AllTasksView.swift */; };
		D4C3B2A10000000000000001 /* CustomAlertView.swift in Sources */ = {isa = PBXBuildFile; fileRef = D4C3B2A20000000000000002 /* CustomAlertView.swift */; };
		DD1100000000000000000001 /* LiveTextScannerSheet.swift in Sources */ = {isa = PBXBuildFile; fileRef = DD1100000000000000000002 /* LiveTextScannerSheet.swift */; };
		E1F2A3B4C5D6000000000001 /* WIPView.swift in Sources */ = {isa = PBXBuildFile; fileRef = E1F2A3B4C5D6000000000002 /* WIPView.swift */; };
		E1F2A3B4C5D6000000000003 /* PersonalKanbanManifestoView.swift in Sources */ = {isa = PBXBuildFile; fileRef = E1F2A3B4C5D6000000000004 /* PersonalKanbanManifestoView.swift */; };
		E1F2A3B4C5D6000000000005 /* WIPCoachView.swift in Sources */ = {isa = PBXBuildFile; fileRef = E1F2A3B4C5D6000000000006 /* WIPCoachView.swift */; };
		F00D00000000000000000001 /* VoiceCaptureSheet.swift in Sources */ = {isa = PBXBuildFile; fileRef = F00D00000000000000000002 /* VoiceCaptureSheet.swift */; };
		F00D00000000000000000003 /* WIPCoachEngine.swift in Sources */ = {isa = PBXBuildFile; fileRef = F00D00000000000000000004 /* WIPCoachEngine.swift */; };
		F00D00000000000000000005 /* WIPCoachCopyGenerator.swift in Sources */ = {isa = PBXBuildFile; fileRef = F00D00000000000000000006 /* WIPCoachCopyGenerator.swift */; };
		F10D00000000000000000001 /* AppStoreScreenshotView.swift in Sources */ = {isa = PBXBuildFile; fileRef = F10D00000000000000000002 /* AppStoreScreenshotView.swift */; };
		FC1578978B8E4651B24C4D809767D49F /* SettingsView.swift in Sources */ = {isa = PBXBuildFile; fileRef = 9527358144CD4E779E36F571C9E106AD /* SettingsView.swift */; };
/* End PBXBuildFile section */

/* Begin PBXContainerItemProxy section */
		BADDCAFE000000000000000C /* PBXContainerItemProxy */ = {
			isa = PBXContainerItemProxy;
			containerPortal = A1B2C3D4E5F6000000000001 /* Project object */;
			proxyType = 1;
			remoteGlobalIDString = A1B2C3D4E5F600000000000A;
			remoteInfo = KanbanApp;
		};
/* End PBXContainerItemProxy section */

/* Begin PBXFileReference section */
		2BC21578A5014A16A3256BF3F502DDAC /* AllTasksView.swift */ = {isa = PBXFileReference; lastKnownFileType = sourcecode.swift; path = AllTasksView.swift; sourceTree = "<group>"; };
		9527358144CD4E779E36F571C9E106AD /* SettingsView.swift */ = {isa = PBXFileReference; lastKnownFileType = sourcecode.swift; path = SettingsView.swift; sourceTree = "<group>"; };
		A1B2C3D4E5F6000000000009 /* KanbanApp.app */ = {isa = PBXFileReference; explicitFileType = wrapper.application; includeInIndex = 0; path = KanbanApp.app; sourceTree = BUILT_PRODUCTS_DIR; };
		A1B2C3D4E5F6000000000010 /* KanbanApp.swift */ = {isa = PBXFileReference; lastKnownFileType = sourcecode.swift; path = KanbanApp.swift; sourceTree = "<group>"; };
		A1B2C3D4E5F6000000000012 /* Info.plist */ = {isa = PBXFileReference; lastKnownFileType = text.plist.xml; path = Info.plist; sourceTree = "<group>"; };
		A1B2C3D4E5F6000000000013 /* TaskItem.swift */ = {isa = PBXFileReference; lastKnownFileType = sourcecode.swift; path = TaskItem.swift; sourceTree = "<group>"; };
		A1B2C3D4E5F6000000000015 /* ContentView.swift */ = {isa = PBXFileReference; lastKnownFileType = sourcecode.swift; path = ContentView.swift; sourceTree = "<group>"; };
		A1B2C3D4E5F6000000000017 /* KanbanBoardView.swift */ = {isa = PBXFileReference; lastKnownFileType = sourcecode.swift; path = KanbanBoardView.swift; sourceTree = "<group>"; };
		A1B2C3D4E5F6000000000019 /* KanbanColumnView.swift */ = {isa = PBXFileReference; lastKnownFileType = sourcecode.swift; path = KanbanColumnView.swift; sourceTree = "<group>"; };
		A1B2C3D4E5F600000000001B /* TaskCardView.swift */ = {isa = PBXFileReference; lastKnownFileType = sourcecode.swift; path = TaskCardView.swift; sourceTree = "<group>"; };
		A1B2C3D4E5F600000000001D /* AddTaskView.swift */ = {isa = PBXFileReference; lastKnownFileType = sourcecode.swift; path = AddTaskView.swift; sourceTree = "<group>"; };
		A1B2C3D4E5F600000000001F /* TaskDetailView.swift */ = {isa = PBXFileReference; lastKnownFileType = sourcecode.swift; path = TaskDetailView.swift; sourceTree = "<group>"; };
		A1B2C3D4E5F6000000000030 /* Assets.xcassets */ = {isa = PBXFileReference; lastKnownFileType = folder.assetcatalog; path = Assets.xcassets; sourceTree = "<group>"; };
		A1B2C3D4E5F6000000000033 /* DashboardView.swift */ = {isa = PBXFileReference; lastKnownFileType = sourcecode.swift; path = DashboardView.swift; sourceTree = "<group>"; };
		A1B2C3D4E5F6000000000034 /* AppStyle.swift */ = {isa = PBXFileReference; lastKnownFileType = sourcecode.swift; path = AppStyle.swift; sourceTree = "<group>"; };
		A1B2C3D4E5F6000000000037 /* StatusView.swift */ = {isa = PBXFileReference; lastKnownFileType = sourcecode.swift; path = StatusView.swift; sourceTree = "<group>"; };
		A1B2C3D4E5F6000000000039 /* ProgresView.swift */ = {isa = PBXFileReference; lastKnownFileType = sourcecode.swift; path = ProgresView.swift; sourceTree = "<group>"; };
		A7C100000000000000000002 /* OnboardingView.swift */ = {isa = PBXFileReference; lastKnownFileType = sourcecode.swift; path = OnboardingView.swift; sourceTree = "<group>"; };
		A7C100000000000000000004 /* OnboardingWelcomePageView.swift */ = {isa = PBXFileReference; lastKnownFileType = sourcecode.swift; path = OnboardingWelcomePageView.swift; sourceTree = "<group>"; };
		A7C100000000000000000006 /* OnboardingFocusPageView.swift */ = {isa = PBXFileReference; lastKnownFileType = sourcecode.swift; path = OnboardingFocusPageView.swift; sourceTree = "<group>"; };
		A7C100000000000000000008 /* OnboardingManifestoPageView.swift */ = {isa = PBXFileReference; lastKnownFileType = sourcecode.swift; path = OnboardingManifestoPageView.swift; sourceTree = "<group>"; };
		A7C10000000000000000000A /* AppIconBadgeSyncView.swift */ = {isa = PBXFileReference; lastKnownFileType = sourcecode.swift; path = AppIconBadgeSyncView.swift; sourceTree = "<group>"; };
		A7C10000000000000000000C /* SearchTasksView.swift */ = {isa = PBXFileReference; lastKnownFileType = sourcecode.swift; path = SearchTasksView.swift; sourceTree = "<group>"; };
		A7C10000000000000000000E /* QuickCaptureTaskGenerator.swift */ = {isa = PBXFileReference; lastKnownFileType = sourcecode.swift; path = QuickCaptureTaskGenerator.swift; sourceTree = "<group>"; };
		A7C100000000000000000011 /* NextActionSuggestionService.swift */ = {isa = PBXFileReference; lastKnownFileType = sourcecode.swift; path = NextActionSuggestionService.swift; sourceTree = "<group>"; };
		A7C100000000000000000013 /* ImageTextExtractionService.swift */ = {isa = PBXFileReference; lastKnownFileType = sourcecode.swift; path = ImageTextExtractionService.swift; sourceTree = "<group>"; };
		A7C100000000000000000015 /* QuickCapturePhotoImportButton.swift */ = {isa = PBXFileReference; lastKnownFileType = sourcecode.swift; path = QuickCapturePhotoImportButton.swift; sourceTree = "<group>"; };
		A7C100000000000000000017 /* VoiceCaptureService.swift */ = {isa = PBXFileReference; lastKnownFileType = sourcecode.swift; path = VoiceCaptureService.swift; sourceTree = "<group>"; };
		A7C100000000000000000019 /* QuickCaptureDraftSheet.swift */ = {isa = PBXFileReference; lastKnownFileType = sourcecode.swift; path = QuickCaptureDraftSheet.swift; sourceTree = "<group>"; };
		A7C10000000000000000001B /* QuickCaptureSource.swift */ = {isa = PBXFileReference; lastKnownFileType = sourcecode.swift; path = QuickCaptureSource.swift; sourceTree = "<group>"; };
		A7C10000000000000000001D /* CameraPermissionService.swift */ = {isa = PBXFileReference; lastKnownFileType = sourcecode.swift; path = CameraPermissionService.swift; sourceTree = "<group>"; };
		A7C10000000000000000001F /* AddTaskActionBar.swift */ = {isa = PBXFileReference; lastKnownFileType = sourcecode.swift; path = AddTaskActionBar.swift; sourceTree = "<group>"; };
		A7C100000000000000000021 /* QuickCaptureCoordinator.swift */ = {isa = PBXFileReference; lastKnownFileType = sourcecode.swift; path = QuickCaptureCoordinator.swift; sourceTree = "<group>"; };
		A7C100000000000000000023 /* TaskAgingEvaluator.swift */ = {isa = PBXFileReference; lastKnownFileType = sourcecode.swift; path = TaskAgingEvaluator.swift; sourceTree = "<group>"; };
		A7C100000000000000000025 /* TaskAgingNotificationService.swift */ = {isa = PBXFileReference; lastKnownFileType = sourcecode.swift; path = TaskAgingNotificationService.swift; sourceTree = "<group>"; };
		A7C100000000000000000027 /* TaskAgingNotificationSyncView.swift */ = {isa = PBXFileReference; lastKnownFileType = sourcecode.swift; path = TaskAgingNotificationSyncView.swift; sourceTree = "<group>"; };
		A7C100000000000000000029 /* Localizable.xcstrings */ = {isa = PBXFileReference; lastKnownFileType = text.json.xcstrings; path = Localizable.xcstrings; sourceTree = "<group>"; };
		A7C10000000000000000002B /* InfoPlist.xcstrings */ = {isa = PBXFileReference; lastKnownFileType = text.json.xcstrings; path = InfoPlist.xcstrings; sourceTree = "<group>"; };
		A9D100000000000000000001 /* TaskChatService.swift */ = {isa = PBXFileReference; lastKnownFileType = sourcecode.swift; path = TaskChatService.swift; sourceTree = "<group>"; };
		A9D100000000000000000003 /* TaskChatView.swift */ = {isa = PBXFileReference; lastKnownFileType = sourcecode.swift; path = TaskChatView.swift; sourceTree = "<group>"; };
		A9D100000000000000000005 /* TaskChatStarterPrompt.swift */ = {isa = PBXFileReference; lastKnownFileType = sourcecode.swift; path = TaskChatStarterPrompt.swift; sourceTree = "<group>"; };
		B8A7D0D6D7304BF4B02921A1 /* KanbanApp.entitlements */ = {isa = PBXFileReference; lastKnownFileType = text.plist.entitlements; path = KanbanApp.entitlements; sourceTree = "<group>"; };
		B8A7D0D7D7304BF4B02921A1 /* PersistenceBootstrap.swift */ = {isa = PBXFileReference; lastKnownFileType = sourcecode.swift; path = PersistenceBootstrap.swift; sourceTree = "<group>"; };
		BADDCAFE0000000000000002 /* TaskChatPromptTests.swift */ = {isa = PBXFileReference; lastKnownFileType = sourcecode.swift; path = TaskChatPromptTests.swift; sourceTree = "<group>"; };
		BADDCAFE0000000000000003 /* KanbanAppTests.xctest */ = {isa = PBXFileReference; explicitFileType = wrapper.cfbundle; includeInIndex = 0; path = KanbanAppTests.xctest; sourceTree = BUILT_PRODUCTS_DIR; };
		BADDCAFE0000000000000012 /* TaskChatServiceTests.swift */ = {isa = PBXFileReference; lastKnownFileType = sourcecode.swift; path = TaskChatServiceTests.swift; sourceTree = "<group>"; };
		D4C3B2A20000000000000002 /* CustomAlertView.swift */ = {isa = PBXFileReference; lastKnownFileType = sourcecode.swift; path = CustomAlertView.swift; sourceTree = "<group>"; };
		DD1100000000000000000002 /* LiveTextScannerSheet.swift */ = {isa = PBXFileReference; lastKnownFileType = sourcecode.swift; path = LiveTextScannerSheet.swift; sourceTree = "<group>"; };
		E1F2A3B4C5D6000000000002 /* WIPView.swift */ = {isa = PBXFileReference; lastKnownFileType = sourcecode.swift; path = WIPView.swift; sourceTree = "<group>"; };
		E1F2A3B4C5D6000000000004 /* PersonalKanbanManifestoView.swift */ = {isa = PBXFileReference; lastKnownFileType = sourcecode.swift; path = PersonalKanbanManifestoView.swift; sourceTree = "<group>"; };
		E1F2A3B4C5D6000000000006 /* WIPCoachView.swift */ = {isa = PBXFileReference; lastKnownFileType = sourcecode.swift; path = WIPCoachView.swift; sourceTree = "<group>"; };
		F00D00000000000000000002 /* VoiceCaptureSheet.swift */ = {isa = PBXFileReference; lastKnownFileType = sourcecode.swift; path = VoiceCaptureSheet.swift; sourceTree = "<group>"; };
		F00D00000000000000000004 /* WIPCoachEngine.swift */ = {isa = PBXFileReference; lastKnownFileType = sourcecode.swift; path = WIPCoachEngine.swift; sourceTree = "<group>"; };
		F00D00000000000000000006 /* WIPCoachCopyGenerator.swift */ = {isa = PBXFileReference; lastKnownFileType = sourcecode.swift; path = WIPCoachCopyGenerator.swift; sourceTree = "<group>"; };
		F10D00000000000000000002 /* AppStoreScreenshotView.swift */ = {isa = PBXFileReference; lastKnownFileType = sourcecode.swift; path = AppStoreScreenshotView.swift; sourceTree = "<group>"; };
		FAE822CFBF944080AA7DC05248E4FCB2 /* MainTabView.swift */ = {isa = PBXFileReference; lastKnownFileType = sourcecode.swift; path = MainTabView.swift; sourceTree = "<group>"; };
/* End PBXFileReference section */

/* Begin PBXFrameworksBuildPhase section */
		A1B2C3D4E5F600000000000C /* Frameworks */ = {
			isa = PBXFrameworksBuildPhase;
			buildActionMask = 2147483647;
			files = (
			);
			runOnlyForDeploymentPostprocessing = 0;
		};
		BADDCAFE0000000000000004 /* Frameworks */ = {
			isa = PBXFrameworksBuildPhase;
			buildActionMask = 2147483647;
			files = (
			);
			runOnlyForDeploymentPostprocessing = 0;
		};
/* End PBXFrameworksBuildPhase section */

/* Begin PBXGroup section */
		A1B2C3D4E5F6000000000002 = {
			isa = PBXGroup;
			children = (
				A1B2C3D4E5F6000000000003 /* KanbanApp */,
				BADDCAFE0000000000000007 /* KanbanAppTests */,
				A1B2C3D4E5F6000000000007 /* Frameworks */,
				A1B2C3D4E5F6000000000008 /* Products */,
			);
			sourceTree = "<group>";
		};
		A1B2C3D4E5F6000000000003 /* KanbanApp */ = {
			isa = PBXGroup;
			children = (
				A1B2C3D4E5F6000000000010 /* KanbanApp.swift */,
				A1B2C3D4E5F6000000000034 /* AppStyle.swift */,
				A1B2C3D4E5F6000000000012 /* Info.plist */,
				B8A7D0D6D7304BF4B02921A1 /* KanbanApp.entitlements */,
				A1B2C3D4E5F6000000000004 /* Models */,
				A7C10000000000000000000F /* Services */,
				A1B2C3D4E5F6000000000005 /* Views */,
				A1B2C3D4E5F6000000000006 /* Resources */,
			);
			path = KanbanApp;
			sourceTree = "<group>";
		};
		A1B2C3D4E5F6000000000004 /* Models */ = {
			isa = PBXGroup;
			children = (
				A1B2C3D4E5F6000000000013 /* TaskItem.swift */,
			);
			path = Models;
			sourceTree = "<group>";
		};
		A1B2C3D4E5F6000000000005 /* Views */ = {
			isa = PBXGroup;
			children = (
				A1B2C3D4E5F6000000000015 /* ContentView.swift */,
				FAE822CFBF944080AA7DC05248E4FCB2 /* MainTabView.swift */,
				A1B2C3D4E5F6000000000017 /* KanbanBoardView.swift */,
				A1B2C3D4E5F6000000000019 /* KanbanColumnView.swift */,
				A1B2C3D4E5F600000000001B /* TaskCardView.swift */,
				A1B2C3D4E5F600000000001D /* AddTaskView.swift */,
				A7C10000000000000000001F /* AddTaskActionBar.swift */,
				A7C100000000000000000015 /* QuickCapturePhotoImportButton.swift */,
				A7C100000000000000000019 /* QuickCaptureDraftSheet.swift */,
				A7C10000000000000000001B /* QuickCaptureSource.swift */,
				DD1100000000000000000002 /* LiveTextScannerSheet.swift */,
				F00D00000000000000000002 /* VoiceCaptureSheet.swift */,
				A1B2C3D4E5F600000000001F /* TaskDetailView.swift */,
				A1B2C3D4E5F6000000000033 /* DashboardView.swift */,
				A1B2C3D4E5F6000000000039 /* ProgresView.swift */,
				A1B2C3D4E5F6000000000037 /* StatusView.swift */,
				A7C100000000000000000002 /* OnboardingView.swift */,
				A7C100000000000000000004 /* OnboardingWelcomePageView.swift */,
				A7C100000000000000000006 /* OnboardingFocusPageView.swift */,
				A7C100000000000000000008 /* OnboardingManifestoPageView.swift */,
				A7C10000000000000000000A /* AppIconBadgeSyncView.swift */,
				A7C10000000000000000000C /* SearchTasksView.swift */,
				A7C100000000000000000027 /* TaskAgingNotificationSyncView.swift */,
				E1F2A3B4C5D6000000000002 /* WIPView.swift */,
				E1F2A3B4C5D6000000000006 /* WIPCoachView.swift */,
				A9D100000000000000000003 /* TaskChatView.swift */,
				A9D100000000000000000005 /* TaskChatStarterPrompt.swift */,
				E1F2A3B4C5D6000000000004 /* PersonalKanbanManifestoView.swift */,
				F10D00000000000000000002 /* AppStoreScreenshotView.swift */,
				2BC21578A5014A16A3256BF3F502DDAC /* AllTasksView.swift */,
				9527358144CD4E779E36F571C9E106AD /* SettingsView.swift */,
				D4C3B2A20000000000000002 /* CustomAlertView.swift */,
			);
			path = Views;
			sourceTree = "<group>";
		};
		A1B2C3D4E5F6000000000006 /* Resources */ = {
			isa = PBXGroup;
			children = (
				A1B2C3D4E5F6000000000030 /* Assets.xcassets */,
				A7C100000000000000000029 /* Localizable.xcstrings */,
				A7C10000000000000000002B /* InfoPlist.xcstrings */,
			);
			path = Resources;
			sourceTree = "<group>";
		};
		A1B2C3D4E5F6000000000007 /* Frameworks */ = {
			isa = PBXGroup;
			children = (
			);
			name = Frameworks;
			sourceTree = "<group>";
		};
		A1B2C3D4E5F6000000000008 /* Products */ = {
			isa = PBXGroup;
			children = (
				A1B2C3D4E5F6000000000009 /* KanbanApp.app */,
				BADDCAFE0000000000000003 /* KanbanAppTests.xctest */,
			);
			name = Products;
			sourceTree = "<group>";
		};
		A7C10000000000000000000F /* Services */ = {
			isa = PBXGroup;
			children = (
				A7C10000000000000000000E /* QuickCaptureTaskGenerator.swift */,
				A7C100000000000000000011 /* NextActionSuggestionService.swift */,
				A7C100000000000000000013 /* ImageTextExtractionService.swift */,
				A7C10000000000000000001D /* CameraPermissionService.swift */,
				A7C100000000000000000017 /* VoiceCaptureService.swift */,
				A7C100000000000000000021 /* QuickCaptureCoordinator.swift */,
				A7C100000000000000000023 /* TaskAgingEvaluator.swift */,
				A7C100000000000000000025 /* TaskAgingNotificationService.swift */,
				B8A7D0D7D7304BF4B02921A1 /* PersistenceBootstrap.swift */,
				F00D00000000000000000004 /* WIPCoachEngine.swift */,
				F00D00000000000000000006 /* WIPCoachCopyGenerator.swift */,
				A9D100000000000000000001 /* TaskChatService.swift */,
			);
			path = Services;
			sourceTree = "<group>";
		};
		BADDCAFE0000000000000007 /* KanbanAppTests */ = {
			isa = PBXGroup;
			children = (
				BADDCAFE0000000000000002 /* TaskChatPromptTests.swift */,
				BADDCAFE0000000000000012 /* TaskChatServiceTests.swift */,
			);
			path = KanbanAppTests;
			sourceTree = "<group>";
		};
/* End PBXGroup section */

/* Begin PBXNativeTarget section */
		A1B2C3D4E5F600000000000A /* KanbanApp */ = {
			isa = PBXNativeTarget;
			buildConfigurationList = A1B2C3D4E5F6000000000026 /* Build configuration list for PBXNativeTarget "KanbanApp" */;
			buildPhases = (
				A1B2C3D4E5F600000000000B /* Sources */,
				A1B2C3D4E5F600000000000C /* Frameworks */,
				A1B2C3D4E5F600000000000D /* Resources */,
			);
			buildRules = (
			);
			dependencies = (
			);
			name = KanbanApp;
			productName = KanbanApp;
			productReference = A1B2C3D4E5F6000000000009 /* KanbanApp.app */;
			productType = "com.apple.product-type.application";
		};
		BADDCAFE0000000000000008 /* KanbanAppTests */ = {
			isa = PBXNativeTarget;
			buildConfigurationList = BADDCAFE0000000000000009 /* Build configuration list for PBXNativeTarget "KanbanAppTests" */;
			buildPhases = (
				BADDCAFE0000000000000006 /* Sources */,
				BADDCAFE0000000000000004 /* Frameworks */,
				BADDCAFE0000000000000005 /* Resources */,
			);
			buildRules = (
			);
			dependencies = (
				BADDCAFE000000000000000D /* PBXTargetDependency */,
			);
			name = KanbanAppTests;
			productName = KanbanAppTests;
			productReference = BADDCAFE0000000000000003 /* KanbanAppTests.xctest */;
			productType = "com.apple.product-type.bundle.unit-test";
		};
/* End PBXNativeTarget section */

/* Begin PBXProject section */
		A1B2C3D4E5F6000000000001 /* Project object */ = {
			isa = PBXProject;
			attributes = {
				BuildIndependentTargetsInParallel = 1;
				LastSwiftUpdateCheck = 1500;
				LastUpgradeCheck = 2650;
				TargetAttributes = {
					A1B2C3D4E5F600000000000A = {
						CreatedOnToolsVersion = 15.0;
						SystemCapabilities = {
							com.apple.BackgroundModes = {
								enabled = 1;
							};
							com.apple.iCloud = {
								enabled = 1;
							};
						};
					};
					BADDCAFE0000000000000008 = {
						CreatedOnToolsVersion = 26.0;
						TestTargetID = A1B2C3D4E5F600000000000A;
					};
				};
			};
			buildConfigurationList = A1B2C3D4E5F6000000000025 /* Build configuration list for PBXProject "KanbanApp" */;
			compatibilityVersion = "Xcode 14.0";
			developmentRegion = "en-US";
			hasScannedForEncodings = 0;
			knownRegions = (
				"en-US",
				en,
				ca,
				de,
				"es-ES",
				"fr-FR",
				hi,
				it,
				ja,
				ko,
				nl,
				pl,
				"pt-BR",
				"zh-Hans",
				Base,
			);
			mainGroup = A1B2C3D4E5F6000000000002;
			productRefGroup = A1B2C3D4E5F6000000000008 /* Products */;
			projectDirPath = "";
			projectRoot = "";
			targets = (
				A1B2C3D4E5F600000000000A /* KanbanApp */,
				BADDCAFE0000000000000008 /* KanbanAppTests */,
			);
		};
/* End PBXProject section */

/* Begin PBXResourcesBuildPhase section */
		A1B2C3D4E5F600000000000D /* Resources */ = {
			isa = PBXResourcesBuildPhase;
			buildActionMask = 2147483647;
			files = (
				A1B2C3D4E5F6000000000031 /* Assets.xcassets in Resources */,
				A7C100000000000000000028 /* Localizable.xcstrings in Resources */,
				A7C10000000000000000002A /* InfoPlist.xcstrings in Resources */,
			);
			runOnlyForDeploymentPostprocessing = 0;
		};
		BADDCAFE0000000000000005 /* Resources */ = {
			isa = PBXResourcesBuildPhase;
			buildActionMask = 2147483647;
			files = (
			);
			runOnlyForDeploymentPostprocessing = 0;
		};
/* End PBXResourcesBuildPhase section */

/* Begin PBXSourcesBuildPhase section */
		A1B2C3D4E5F600000000000B /* Sources */ = {
			isa = PBXSourcesBuildPhase;
			buildActionMask = 2147483647;
			files = (
				A1B2C3D4E5F6000000000011 /* KanbanApp.swift in Sources */,
				A1B2C3D4E5F6000000000014 /* TaskItem.swift in Sources */,
				A1B2C3D4E5F6000000000016 /* ContentView.swift in Sources */,
				A1B2C3D4E5F6000000000018 /* KanbanBoardView.swift in Sources */,
				A1B2C3D4E5F600000000001A /* KanbanColumnView.swift in Sources */,
				A1B2C3D4E5F600000000001C /* TaskCardView.swift in Sources */,
				A1B2C3D4E5F600000000001E /* AddTaskView.swift in Sources */,
				A1B2C3D4E5F6000000000020 /* TaskDetailView.swift in Sources */,
				A1B2C3D4E5F6000000000032 /* DashboardView.swift in Sources */,
				A1B2C3D4E5F6000000000036 /* StatusView.swift in Sources */,
				A1B2C3D4E5F6000000000038 /* ProgresView.swift in Sources */,
				A1B2C3D4E5F6000000000035 /* AppStyle.swift in Sources */,
				B8A7D0D8D7304BF4B02921A1 /* PersistenceBootstrap.swift in Sources */,
				A7C100000000000000000001 /* OnboardingView.swift in Sources */,
				A7C100000000000000000003 /* OnboardingWelcomePageView.swift in Sources */,
				A7C100000000000000000005 /* OnboardingFocusPageView.swift in Sources */,
				A7C100000000000000000007 /* OnboardingManifestoPageView.swift in Sources */,
				A7C100000000000000000009 /* AppIconBadgeSyncView.swift in Sources */,
				A7C10000000000000000000B /* SearchTasksView.swift in Sources */,
				A7C10000000000000000000D /* QuickCaptureTaskGenerator.swift in Sources */,
				A7C100000000000000000010 /* NextActionSuggestionService.swift in Sources */,
				A7C100000000000000000012 /* ImageTextExtractionService.swift in Sources */,
				A7C10000000000000000001C /* CameraPermissionService.swift in Sources */,
				A7C100000000000000000016 /* VoiceCaptureService.swift in Sources */,
				A7C100000000000000000020 /* QuickCaptureCoordinator.swift in Sources */,
				A7C100000000000000000022 /* TaskAgingEvaluator.swift in Sources */,
				A7C100000000000000000024 /* TaskAgingNotificationService.swift in Sources */,
				A9D100000000000000000002 /* TaskChatService.swift in Sources */,
				A7C100000000000000000014 /* QuickCapturePhotoImportButton.swift in Sources */,
				A7C10000000000000000001E /* AddTaskActionBar.swift in Sources */,
				A7C100000000000000000018 /* QuickCaptureDraftSheet.swift in Sources */,
				A7C10000000000000000001A /* QuickCaptureSource.swift in Sources */,
				A7C100000000000000000026 /* TaskAgingNotificationSyncView.swift in Sources */,
				DD1100000000000000000001 /* LiveTextScannerSheet.swift in Sources */,
				F00D00000000000000000001 /* VoiceCaptureSheet.swift in Sources */,
				F00D00000000000000000003 /* WIPCoachEngine.swift in Sources */,
				F00D00000000000000000005 /* WIPCoachCopyGenerator.swift in Sources */,
				E1F2A3B4C5D6000000000001 /* WIPView.swift in Sources */,
				E1F2A3B4C5D6000000000005 /* WIPCoachView.swift in Sources */,
				A9D100000000000000000004 /* TaskChatView.swift in Sources */,
				A9D100000000000000000006 /* TaskChatStarterPrompt.swift in Sources */,
				E1F2A3B4C5D6000000000003 /* PersonalKanbanManifestoView.swift in Sources */,
				F10D00000000000000000001 /* AppStoreScreenshotView.swift in Sources */,
				C46D8078D30040238CCDE162FB2FE17E /* MainTabView.swift in Sources */,
				CC88F17F1EB745D7B67C1DED74B18C18 /* AllTasksView.swift in Sources */,
				D4C3B2A10000000000000001 /* CustomAlertView.swift in Sources */,
				FC1578978B8E4651B24C4D809767D49F /* SettingsView.swift in Sources */,
			);
			runOnlyForDeploymentPostprocessing = 0;
		};
		BADDCAFE0000000000000006 /* Sources */ = {
			isa = PBXSourcesBuildPhase;
			buildActionMask = 2147483647;
			files = (
				BADDCAFE0000000000000001 /* TaskChatPromptTests.swift in Sources */,
				BADDCAFE0000000000000011 /* TaskChatServiceTests.swift in Sources */,
			);
			runOnlyForDeploymentPostprocessing = 0;
		};
/* End PBXSourcesBuildPhase section */

/* Begin PBXTargetDependency section */
		BADDCAFE000000000000000D /* PBXTargetDependency */ = {
			isa = PBXTargetDependency;
			target = A1B2C3D4E5F600000000000A /* KanbanApp */;
			targetProxy = BADDCAFE000000000000000C /* PBXContainerItemProxy */;
		};
/* End PBXTargetDependency section */

/* Begin XCBuildConfiguration section */
		A1B2C3D4E5F6000000000021 /* Debug */ = {
			isa = XCBuildConfiguration;
			buildSettings = {
				ALWAYS_SEARCH_USER_PATHS = NO;
				ASSETCATALOG_COMPILER_GENERATE_SWIFT_ASSET_SYMBOL_EXTENSIONS = YES;
				CLANG_ANALYZER_LOCALIZABILITY_NONLOCALIZED = YES;
				CLANG_ANALYZER_NONNULL = YES;
				CLANG_CXX_LANGUAGE_STANDARD = "gnu++20";
				CLANG_ENABLE_MODULES = YES;
				CLANG_ENABLE_OBJC_ARC = YES;
				CLANG_WARN_BLOCK_CAPTURE_AUTORELEASING = YES;
				CLANG_WARN_BOOL_CONVERSION = YES;
				CLANG_WARN_COMMA = YES;
				CLANG_WARN_CONSTANT_CONVERSION = YES;
				CLANG_WARN_DEPRECATED_OBJC_IMPLEMENTATIONS = YES;
				CLANG_WARN_EMPTY_BODY = YES;
				CLANG_WARN_ENUM_CONVERSION = YES;
				CLANG_WARN_INFINITE_RECURSION = YES;
				CLANG_WARN_INT_CONVERSION = YES;
				CLANG_WARN_NON_LITERAL_NULL_CONVERSION = YES;
				CLANG_WARN_OBJC_IMPLICIT_RETAIN_SELF = YES;
				CLANG_WARN_OBJC_LITERAL_CONVERSION = YES;
				CLANG_WARN_QUOTED_INCLUDE_IN_FRAMEWORK_HEADER = YES;
				CLANG_WARN_RANGE_LOOP_ANALYSIS = YES;
				CLANG_WARN_STRICT_PROTOTYPES = YES;
				CLANG_WARN_SUSPICIOUS_MOVE = YES;
				CLANG_WARN_UNREACHABLE_CODE = YES;
				CLANG_WARN__DUPLICATE_METHOD_MATCH = YES;
				COPY_PHASE_STRIP = NO;
				DEBUG_INFORMATION_FORMAT = dwarf;
				DEVELOPMENT_TEAM = FMAF78CAD7;
				ENABLE_STRICT_OBJC_MSGSEND = YES;
				ENABLE_TESTABILITY = YES;
				ENABLE_USER_SCRIPT_SANDBOXING = YES;
				GCC_DYNAMIC_NO_PIC = NO;
				GCC_NO_COMMON_BLOCKS = YES;
				GCC_OPTIMIZATION_LEVEL = 0;
				GCC_PREPROCESSOR_DEFINITIONS = (
					"DEBUG=1",
					"$(inherited)",
				);
				GCC_WARN_64_TO_32_BIT_CONVERSION = YES;
				GCC_WARN_ABOUT_RETURN_TYPE = YES;
				GCC_WARN_UNDECLARED_SELECTOR = YES;
				GCC_WARN_UNINITIALIZED_AUTOS = YES;
				GCC_WARN_UNUSED_FUNCTION = YES;
				GCC_WARN_UNUSED_VARIABLE = YES;
				IPHONEOS_DEPLOYMENT_TARGET = 26.1;
				MTL_ENABLE_DEBUG_INFO = INCLUDE_SOURCE;
				ONLY_ACTIVE_ARCH = YES;
				SDKROOT = iphoneos;
				STRING_CATALOG_GENERATE_SYMBOLS = YES;
				SWIFT_ACTIVE_COMPILATION_CONDITIONS = "$(inherited) DEBUG";
				SWIFT_OPTIMIZATION_LEVEL = "-Onone";
			};
			name = Debug;
		};
		A1B2C3D4E5F6000000000022 /* Release */ = {
			isa = XCBuildConfiguration;
			buildSettings = {
				ALWAYS_SEARCH_USER_PATHS = NO;
				ASSETCATALOG_COMPILER_GENERATE_SWIFT_ASSET_SYMBOL_EXTENSIONS = YES;
				CLANG_ANALYZER_LOCALIZABILITY_NONLOCALIZED = YES;
				CLANG_ANALYZER_NONNULL = YES;
				CLANG_CXX_LANGUAGE_STANDARD = "gnu++20";
				CLANG_ENABLE_MODULES = YES;
				CLANG_ENABLE_OBJC_ARC = YES;
				CLANG_WARN_BLOCK_CAPTURE_AUTORELEASING = YES;
				CLANG_WARN_BOOL_CONVERSION = YES;
				CLANG_WARN_COMMA = YES;
				CLANG_WARN_CONSTANT_CONVERSION = YES;
				CLANG_WARN_DEPRECATED_OBJC_IMPLEMENTATIONS = YES;
				CLANG_WARN_EMPTY_BODY = YES;
				CLANG_WARN_ENUM_CONVERSION = YES;
				CLANG_WARN_INFINITE_RECURSION = YES;
				CLANG_WARN_INT_CONVERSION = YES;
				CLANG_WARN_NON_LITERAL_NULL_CONVERSION = YES;
				CLANG_WARN_OBJC_IMPLICIT_RETAIN_SELF = YES;
				CLANG_WARN_OBJC_LITERAL_CONVERSION = YES;
				CLANG_WARN_QUOTED_INCLUDE_IN_FRAMEWORK_HEADER = YES;
				CLANG_WARN_RANGE_LOOP_ANALYSIS = YES;
				CLANG_WARN_STRICT_PROTOTYPES = YES;
				CLANG_WARN_SUSPICIOUS_MOVE = YES;
				CLANG_WARN_UNREACHABLE_CODE = YES;
				CLANG_WARN__DUPLICATE_METHOD_MATCH = YES;
				COPY_PHASE_STRIP = NO;
				DEBUG_INFORMATION_FORMAT = "dwarf-with-dsym";
				DEVELOPMENT_TEAM = FMAF78CAD7;
				ENABLE_NS_ASSERTIONS = NO;
				ENABLE_STRICT_OBJC_MSGSEND = YES;
				ENABLE_USER_SCRIPT_SANDBOXING = YES;
				GCC_NO_COMMON_BLOCKS = YES;
				GCC_OPTIMIZATION_LEVEL = s;
				GCC_WARN_64_TO_32_BIT_CONVERSION = YES;
				GCC_WARN_ABOUT_RETURN_TYPE = YES;
				GCC_WARN_UNDECLARED_SELECTOR = YES;
				GCC_WARN_UNINITIALIZED_AUTOS = YES;
				GCC_WARN_UNUSED_FUNCTION = YES;
				GCC_WARN_UNUSED_VARIABLE = YES;
				IPHONEOS_DEPLOYMENT_TARGET = 26.1;
				MTL_ENABLE_DEBUG_INFO = NO;
				SDKROOT = iphoneos;
				STRING_CATALOG_GENERATE_SYMBOLS = YES;
				SWIFT_COMPILATION_MODE = wholemodule;
				SWIFT_OPTIMIZATION_LEVEL = "-O";
				VALIDATE_PRODUCT = YES;
			};
			name = Release;
		};
		A1B2C3D4E5F6000000000023 /* Debug */ = {
			isa = XCBuildConfiguration;
			buildSettings = {
				ASSETCATALOG_COMPILER_APPICON_NAME = AppIcon;
				CODE_SIGN_ENTITLEMENTS = KanbanApp/KanbanApp.entitlements;
				CODE_SIGN_STYLE = Automatic;
				CURRENT_PROJECT_VERSION = 1;
				INFOPLIST_FILE = KanbanApp/Info.plist;
				INFOPLIST_KEY_LSApplicationCategoryType = "public.app-category.productivity";
				INFOPLIST_KEY_NSCameraUsageDescription = "Use the camera to scan text and turn it into a task draft.";
				IPHONEOS_DEPLOYMENT_TARGET = 26.4;
				MARKETING_VERSION = 1.3;
				PRODUCT_BUNDLE_IDENTIFIER = KanbanApp;
				PRODUCT_NAME = "$(TARGET_NAME)";
				SWIFT_EMIT_LOC_STRINGS = YES;
				SWIFT_VERSION = 5.0;
				TARGETED_DEVICE_FAMILY = "1,2";
			};
			name = Debug;
		};
		A1B2C3D4E5F6000000000024 /* Release */ = {
			isa = XCBuildConfiguration;
			buildSettings = {
				ASSETCATALOG_COMPILER_APPICON_NAME = AppIcon;
				CODE_SIGN_ENTITLEMENTS = KanbanApp/KanbanApp.entitlements;
				CODE_SIGN_STYLE = Automatic;
				CURRENT_PROJECT_VERSION = 1;
				INFOPLIST_FILE = KanbanApp/Info.plist;
				INFOPLIST_KEY_LSApplicationCategoryType = "public.app-category.productivity";
				INFOPLIST_KEY_NSCameraUsageDescription = "Use the camera to scan text and turn it into a task draft.";
				IPHONEOS_DEPLOYMENT_TARGET = 26.4;
				MARKETING_VERSION = 1.3;
				PRODUCT_BUNDLE_IDENTIFIER = KanbanApp;
				PRODUCT_NAME = "$(TARGET_NAME)";
				SWIFT_EMIT_LOC_STRINGS = YES;
				SWIFT_VERSION = 5.0;
				TARGETED_DEVICE_FAMILY = "1,2";
			};
			name = Release;
		};
		BADDCAFE000000000000000A /* Debug */ = {
			isa = XCBuildConfiguration;
			buildSettings = {
				BUNDLE_LOADER = "$(TEST_HOST)";
				CODE_SIGN_STYLE = Automatic;
				CURRENT_PROJECT_VERSION = 1;
				DEVELOPMENT_TEAM = FMAF78CAD7;
				GENERATE_INFOPLIST_FILE = YES;
				IPHONEOS_DEPLOYMENT_TARGET = 26.4;
				LD_RUNPATH_SEARCH_PATHS = (
					"$(inherited)",
					"@executable_path/Frameworks",
					"@loader_path/Frameworks",
				);
				MARKETING_VERSION = 1.0;
				PRODUCT_BUNDLE_IDENTIFIER = KanbanAppTests;
				PRODUCT_NAME = "$(TARGET_NAME)";
				SWIFT_VERSION = 5.0;
				TARGETED_DEVICE_FAMILY = "1,2";
				TEST_HOST = "$(BUILT_PRODUCTS_DIR)/KanbanApp.app/$(BUNDLE_EXECUTABLE_FOLDER_PATH)/KanbanApp";
			};
			name = Debug;
		};
		BADDCAFE000000000000000B /* Release */ = {
			isa = XCBuildConfiguration;
			buildSettings = {
				BUNDLE_LOADER = "$(TEST_HOST)";
				CODE_SIGN_STYLE = Automatic;
				CURRENT_PROJECT_VERSION = 1;
				DEVELOPMENT_TEAM = FMAF78CAD7;
				GENERATE_INFOPLIST_FILE = YES;
				IPHONEOS_DEPLOYMENT_TARGET = 26.4;
				LD_RUNPATH_SEARCH_PATHS = (
					"$(inherited)",
					"@executable_path/Frameworks",
					"@loader_path/Frameworks",
				);
				MARKETING_VERSION = 1.0;
				PRODUCT_BUNDLE_IDENTIFIER = KanbanAppTests;
				PRODUCT_NAME = "$(TARGET_NAME)";
				SWIFT_VERSION = 5.0;
				TARGETED_DEVICE_FAMILY = "1,2";
				TEST_HOST = "$(BUILT_PRODUCTS_DIR)/KanbanApp.app/$(BUNDLE_EXECUTABLE_FOLDER_PATH)/KanbanApp";
			};
			name = Release;
		};
/* End XCBuildConfiguration section */

/* Begin XCConfigurationList section */
		A1B2C3D4E5F6000000000025 /* Build configuration list for PBXProject "KanbanApp" */ = {
			isa = XCConfigurationList;
			buildConfigurations = (
				A1B2C3D4E5F6000000000021 /* Debug */,
				A1B2C3D4E5F6000000000022 /* Release */,
			);
			defaultConfigurationIsVisible = 0;
			defaultConfigurationName = Release;
		};
		A1B2C3D4E5F6000000000026 /* Build configuration list for PBXNativeTarget "KanbanApp" */ = {
			isa = XCConfigurationList;
			buildConfigurations = (
				A1B2C3D4E5F6000000000023 /* Debug */,
				A1B2C3D4E5F6000000000024 /* Release */,
			);
			defaultConfigurationIsVisible = 0;
			defaultConfigurationName = Release;
		};
		BADDCAFE0000000000000009 /* Build configuration list for PBXNativeTarget "KanbanAppTests" */ = {
			isa = XCConfigurationList;
			buildConfigurations = (
				BADDCAFE000000000000000A /* Debug */,
				BADDCAFE000000000000000B /* Release */,
			);
			defaultConfigurationIsVisible = 0;
			defaultConfigurationName = Release;
		};
/* End XCConfigurationList section */
	};
	rootObject = A1B2C3D4E5F6000000000001 /* Project object */;
}
